
Microsoft Visual Studio Solution File, Format Version 12.00
# Visual Studio Version 16
VisualStudioVersion = 16.0.29709.97
MinimumVisualStudioVersion = 10.0.40219.1
Project("{FAE04EC0-301F-11D3-BF4B-00C04F79EFBC}") = "onMuhasebeProgs", "onMuhasebeProgs\onMuhasebeProgs.csproj", "{F1F11DC1-7B89-443D-A5A0-5FC9D617EAD0}"
EndProject
Global
	GlobalSection(SolutionConfigurationPlatforms) = preSolution
		Debug|Any CPU = Debug|Any CPU
		Release|Any CPU = Release|Any CPU
	EndGlobalSection
	GlobalSection(ProjectConfigurationPlatforms) = postSolution
		{F1F11DC1-7B89-443D-A5A0-5FC9D617EAD0}.Debug|Any CPU.ActiveCfg = Debug|Any CPU
		{F1F11DC1-7B89-443D-A5A0-5FC9D617EAD0}.Debug|Any CPU.Build.0 = Debug|Any CPU
		{F1F11DC1-7B89-443D-A5A0-5FC9D617EAD0}.Release|Any CPU.ActiveCfg = Release|Any CPU
		{F1F11DC1-7B89-443D-A5A0-5FC9D617EAD0}.Release|Any CPU.Build.0 = Release|Any CPU
	EndGlobalSection
	GlobalSection(SolutionProperties) = preSolution
		HideSolutionNode = FALSE
	EndGlobalSection
	GlobalSection(ExtensibilityGlobals) = postSolution
		SolutionGuid = {BDE610B7-B615-49DB-AF7E-A096365C3C75}
	EndGlobalSection
EndGlobal
